// !$*UTF8*$!
{
	archiveVersion = 1;
	classes = {
	};
	objectVersion = 46;
	objects = {

/* Begin PBXBuildFile section */
		4A72E1781BC4B84E00C50CFF /* main.m in Sources */ = {isa = PBXBuildFile; fileRef = 4A72E1771BC4B84E00C50CFF /* main.m */; };
		4A72E17B1BC4B84E00C50CFF /* AppDelegate.m in Sources */ = {isa = PBXBuildFile; fileRef = 4A72E17A1BC4B84E00C50CFF /* AppDelegate.m */; };
		4A72E1831BC4B84E00C50CFF /* Images.xcassets in Resources */ = {isa = PBXBuildFile; fileRef = 4A72E1821BC4B84E00C50CFF /* Images.xcassets */; };
		4A72E1921BC4B84E00C50CFF /* NYCatEyesTests.m in Sources */ = {isa = PBXBuildFile; fileRef = 4A72E1911BC4B84E00C50CFF /* NYCatEyesTests.m */; };
		4A72E1AA1BC4BA7100C50CFF /* RootTabBarViewController.m in Sources */ = {isa = PBXBuildFile; fileRef = 4A72E1A81BC4BA7100C50CFF /* RootTabBarViewController.m */; };
		4A72E1AB1BC4BA7100C50CFF /* RootTabBarViewController.xib in Resources */ = {isa = PBXBuildFile; fileRef = 4A72E1A91BC4BA7100C50CFF /* RootTabBarViewController.xib */; };
		4A72E1AE1BC4C05C00C50CFF /* CustomeViewController.m in Sources */ = {isa = PBXBuildFile; fileRef = 4A72E1AD1BC4C05C00C50CFF /* CustomeViewController.m */; };
		4A72E1B11BC4C1A500C50CFF /* BaseViewController.m in Sources */ = {isa = PBXBuildFile; fileRef = 4A72E1B01BC4C1A500C50CFF /* BaseViewController.m */; };
		4A72E1B51BC4CAB200C50CFF /* NYSegmentControll.m in Sources */ = {isa = PBXBuildFile; fileRef = 4A72E1B41BC4CAB200C50CFF /* NYSegmentControll.m */; };
		4A72E1B81BC50A7E00C50CFF /* NYSegmentViewController.m in Sources */ = {isa = PBXBuildFile; fileRef = 4A72E1B71BC50A7E00C50CFF /* NYSegmentViewController.m */; };
		4A7B5CD61BC6C26A00EB4AFA /* MineViewController.m in Sources */ = {isa = PBXBuildFile; fileRef = 4A7B5CD41BC6C26A00EB4AFA /* MineViewController.m */; };
		4A7B5CD71BC6C26A00EB4AFA /* MineViewController.xib in Resources */ = {isa = PBXBuildFile; fileRef = 4A7B5CD51BC6C26A00EB4AFA /* MineViewController.xib */; };
		4A7B5CDC1BC6CD9300EB4AFA /* icon_found@2x.png in Resources */ = {isa = PBXBuildFile; fileRef = 4A7B5CD81BC6CD9300EB4AFA /* icon_found@2x.png */; };
		4A7B5CDD1BC6CD9300EB4AFA /* icon_mine@2x.png in Resources */ = {isa = PBXBuildFile; fileRef = 4A7B5CD91BC6CD9300EB4AFA /* icon_mine@2x.png */; };
		4A7B5CDE1BC6CD9300EB4AFA /* icon_movie@2x.png in Resources */ = {isa = PBXBuildFile; fileRef = 4A7B5CDA1BC6CD9300EB4AFA /* icon_movie@2x.png */; };
		4A7B5CDF1BC6CD9300EB4AFA /* icon_theater@2x.png in Resources */ = {isa = PBXBuildFile; fileRef = 4A7B5CDB1BC6CD9300EB4AFA /* icon_theater@2x.png */; };
		4A7B5CE41BC6D08300EB4AFA /* icon_found_selected@2x.png in Resources */ = {isa = PBXBuildFile; fileRef = 4A7B5CE01BC6D08300EB4AFA /* icon_found_selected@2x.png */; };
		4A7B5CE51BC6D08300EB4AFA /* icon_mine_selected@2x.png in Resources */ = {isa = PBXBuildFile; fileRef = 4A7B5CE11BC6D08300EB4AFA /* icon_mine_selected@2x.png */; };
		4A7B5CE61BC6D08300EB4AFA /* icon_movie_selected@2x.png in Resources */ = {isa = PBXBuildFile; fileRef = 4A7B5CE21BC6D08300EB4AFA /* icon_movie_selected@2x.png */; };
		4A7B5CE71BC6D08300EB4AFA /* icon_theater_selected@2x.png in Resources */ = {isa = PBXBuildFile; fileRef = 4A7B5CE31BC6D08300EB4AFA /* icon_theater_selected@2x.png */; };
		4A7B5CE91BC74D0200EB4AFA /* btn_search@2x.png in Resources */ = {isa = PBXBuildFile; fileRef = 4A7B5CE81BC74D0200EB4AFA /* btn_search@2x.png */; };
		4AA1CFE51BC653E800C86824 /* MovieFirstViewController.m in Sources */ = {isa = PBXBuildFile; fileRef = 4AA1CFDD1BC653E800C86824 /* MovieFirstViewController.m */; };
		4AA1CFE61BC653E800C86824 /* MovieFirstViewController.xib in Resources */ = {isa = PBXBuildFile; fileRef = 4AA1CFDE1BC653E800C86824 /* MovieFirstViewController.xib */; };
		4AA1CFE71BC653E800C86824 /* MovieSecondViewController.m in Sources */ = {isa = PBXBuildFile; fileRef = 4AA1CFE01BC653E800C86824 /* MovieSecondViewController.m */; };
		4AA1CFE81BC653E800C86824 /* MovieSecondViewController.xib in Resources */ = {isa = PBXBuildFile; fileRef = 4AA1CFE11BC653E800C86824 /* MovieSecondViewController.xib */; };
		4AA1CFE91BC653E800C86824 /* MovieThirdViewController.m in Sources */ = {isa = PBXBuildFile; fileRef = 4AA1CFE31BC653E800C86824 /* MovieThirdViewController.m */; };
		4AA1CFEA1BC653E800C86824 /* MovieThirdViewController.xib in Resources */ = {isa = PBXBuildFile; fileRef = 4AA1CFE41BC653E800C86824 /* MovieThirdViewController.xib */; };
		4AA1CFF11BC655C100C86824 /* MovieViewController.m in Sources */ = {isa = PBXBuildFile; fileRef = 4AA1CFEF1BC655C100C86824 /* MovieViewController.m */; };
		4AA1CFF21BC655C100C86824 /* MovieViewController.xib in Resources */ = {isa = PBXBuildFile; fileRef = 4AA1CFF01BC655C100C86824 /* MovieViewController.xib */; };
		4AA1CFF61BC6613900C86824 /* TheaterViewController.m in Sources */ = {isa = PBXBuildFile; fileRef = 4AA1CFF41BC6613900C86824 /* TheaterViewController.m */; };
		4AA1CFF71BC6613900C86824 /* TheaterViewController.xib in Resources */ = {isa = PBXBuildFile; fileRef = 4AA1CFF51BC6613900C86824 /* TheaterViewController.xib */; };
		4AA1CFFB1BC6626B00C86824 /* FoundViewController.m in Sources */ = {isa = PBXBuildFile; fileRef = 4AA1CFF91BC6626B00C86824 /* FoundViewController.m */; };
		4AA1CFFC1BC6626B00C86824 /* FoundViewController.xib in Resources */ = {isa = PBXBuildFile; fileRef = 4AA1CFFA1BC6626B00C86824 /* FoundViewController.xib */; };
/* End PBXBuildFile section */

/* Begin PBXContainerItemProxy section */
		4A72E18C1BC4B84E00C50CFF /* PBXContainerItemProxy */ = {
			isa = PBXContainerItemProxy;
			containerPortal = 4A72E16A1BC4B84E00C50CFF /* Project object */;
			proxyType = 1;
			remoteGlobalIDString = 4A72E1711BC4B84E00C50CFF;
			remoteInfo = NYCatEyes;
		};
/* End PBXContainerItemProxy section */

/* Begin PBXFileReference section */
		4A72E1721BC4B84E00C50CFF /* NYCatEyes.app */ = {isa = PBXFileReference; explicitFileType = wrapper.application; includeInIndex = 0; path = NYCatEyes.app; sourceTree = BUILT_PRODUCTS_DIR; };
		4A72E1761BC4B84E00C50CFF /* Info.plist */ = {isa = PBXFileReference; lastKnownFileType = text.plist.xml; path = Info.plist; sourceTree = "<group>"; };
		4A72E1771BC4B84E00C50CFF /* main.m */ = {isa = PBXFileReference; lastKnownFileType = sourcecode.c.objc; path = main.m; sourceTree = "<group>"; };
		4A72E1791BC4B84E00C50CFF /* AppDelegate.h */ = {isa = PBXFileReference; lastKnownFileType = sourcecode.c.h; path = AppDelegate.h; sourceTree = "<group>"; };
		4A72E17A1BC4B84E00C50CFF /* AppDelegate.m */ = {isa = PBXFileReference; lastKnownFileType = sourcecode.c.objc; path = AppDelegate.m; sourceTree = "<group>"; };
		4A72E1821BC4B84E00C50CFF /* Images.xcassets */ = {isa = PBXFileReference; lastKnownFileType = folder.assetcatalog; path = Images.xcassets; sourceTree = "<group>"; };
		4A72E18B1BC4B84E00C50CFF /* NYCatEyesTests.xctest */ = {isa = PBXFileReference; explicitFileType = wrapper.cfbundle; includeInIndex = 0; path = NYCatEyesTests.xctest; sourceTree = BUILT_PRODUCTS_DIR; };
		4A72E1901BC4B84E00C50CFF /* Info.plist */ = {isa = PBXFileReference; lastKnownFileType = text.plist.xml; path = Info.plist; sourceTree = "<group>"; };
		4A72E1911BC4B84E00C50CFF /* NYCatEyesTests.m */ = {isa = PBXFileReference; lastKnownFileType = sourcecode.c.objc; path = NYCatEyesTests.m; sourceTree = "<group>"; };
		4A72E1A71BC4BA7100C50CFF /* RootTabBarViewController.h */ = {isa = PBXFileReference; fileEncoding = 4; lastKnownFileType = sourcecode.c.h; path = RootTabBarViewController.h; sourceTree = "<group>"; };
		4A72E1A81BC4BA7100C50CFF /* RootTabBarViewController.m */ = {isa = PBXFileReference; fileEncoding = 4; lastKnownFileType = sourcecode.c.objc; path = RootTabBarViewController.m; sourceTree = "<group>"; };
		4A72E1A91BC4BA7100C50CFF /* RootTabBarViewController.xib */ = {isa = PBXFileReference; fileEncoding = 4; lastKnownFileType = file.xib; path = RootTabBarViewController.xib; sourceTree = "<group>"; };
		4A72E1AC1BC4C05C00C50CFF /* CustomeViewController.h */ = {isa = PBXFileReference; fileEncoding = 4; lastKnownFileType = sourcecode.c.h; path = CustomeViewController.h; sourceTree = "<group>"; };
		4A72E1AD1BC4C05C00C50CFF /* CustomeViewController.m */ = {isa = PBXFileReference; fileEncoding = 4; lastKnownFileType = sourcecode.c.objc; path = CustomeViewController.m; sourceTree = "<group>"; };
		4A72E1AF1BC4C1A500C50CFF /* BaseViewController.h */ = {isa = PBXFileReference; fileEncoding = 4; lastKnownFileType = sourcecode.c.h; path = BaseViewController.h; sourceTree = "<group>"; };
		4A72E1B01BC4C1A500C50CFF /* BaseViewController.m */ = {isa = PBXFileReference; fileEncoding = 4; lastKnownFileType = sourcecode.c.objc; path = BaseViewController.m; sourceTree = "<group>"; };
		4A72E1B31BC4CAB200C50CFF /* NYSegmentControll.h */ = {isa = PBXFileReference; fileEncoding = 4; lastKnownFileType = sourcecode.c.h; path = NYSegmentControll.h; sourceTree = "<group>"; };
		4A72E1B41BC4CAB200C50CFF /* NYSegmentControll.m */ = {isa = PBXFileReference; fileEncoding = 4; lastKnownFileType = sourcecode.c.objc; path = NYSegmentControll.m; sourceTree = "<group>"; };
		4A72E1B61BC50A7E00C50CFF /* NYSegmentViewController.h */ = {isa = PBXFileReference; fileEncoding = 4; lastKnownFileType = sourcecode.c.h; path = NYSegmentViewController.h; sourceTree = "<group>"; };
		4A72E1B71BC50A7E00C50CFF /* NYSegmentViewController.m */ = {isa = PBXFileReference; fileEncoding = 4; lastKnownFileType = sourcecode.c.objc; path = NYSegmentViewController.m; sourceTree = "<group>"; };
		4A7B5CD31BC6C26A00EB4AFA /* MineViewController.h */ = {isa = PBXFileReference; fileEncoding = 4; lastKnownFileType = sourcecode.c.h; path = MineViewController.h; sourceTree = "<group>"; };
		4A7B5CD41BC6C26A00EB4AFA /* MineViewController.m */ = {isa = PBXFileReference; fileEncoding = 4; lastKnownFileType = sourcecode.c.objc; path = MineViewController.m; sourceTree = "<group>"; };
		4A7B5CD51BC6C26A00EB4AFA /* MineViewController.xib */ = {isa = PBXFileReference; fileEncoding = 4; lastKnownFileType = file.xib; path = MineViewController.xib; sourceTree = "<group>"; };
		4A7B5CD81BC6CD9300EB4AFA /* icon_found@2x.png */ = {isa = PBXFileReference; lastKnownFileType = image.png; path = "icon_found@2x.png"; sourceTree = "<group>"; };
		4A7B5CD91BC6CD9300EB4AFA /* icon_mine@2x.png */ = {isa = PBXFileReference; lastKnownFileType = image.png; path = "icon_mine@2x.png"; sourceTree = "<group>"; };
		4A7B5CDA1BC6CD9300EB4AFA /* icon_movie@2x.png */ = {isa = PBXFileReference; lastKnownFileType = image.png; path = "icon_movie@2x.png"; sourceTree = "<group>"; };
		4A7B5CDB1BC6CD9300EB4AFA /* icon_theater@2x.png */ = {isa = PBXFileReference; lastKnownFileType = image.png; path = "icon_theater@2x.png"; sourceTree = "<group>"; };
		4A7B5CE01BC6D08300EB4AFA /* icon_found_selected@2x.png */ = {isa = PBXFileReference; lastKnownFileType = image.png; path = "icon_found_selected@2x.png"; sourceTree = "<group>"; };
		4A7B5CE11BC6D08300EB4AFA /* icon_mine_selected@2x.png */ = {isa = PBXFileReference; lastKnownFileType = image.png; path = "icon_mine_selected@2x.png"; sourceTree = "<group>"; };
		4A7B5CE21BC6D08300EB4AFA /* icon_movie_selected@2x.png */ = {isa = PBXFileReference; lastKnownFileType = image.png; path = "icon_movie_selected@2x.png"; sourceTree = "<group>"; };
		4A7B5CE31BC6D08300EB4AFA /* icon_theater_selected@2x.png */ = {isa = PBXFileReference; lastKnownFileType = image.png; path = "icon_theater_selected@2x.png"; sourceTree = "<group>"; };
		4A7B5CE81BC74D0200EB4AFA /* btn_search@2x.png */ = {isa = PBXFileReference; lastKnownFileType = image.png; path = "btn_search@2x.png"; sourceTree = "<group>"; };
		4AA1CFDC1BC653E800C86824 /* MovieFirstViewController.h */ = {isa = PBXFileReference; fileEncoding = 4; lastKnownFileType = sourcecode.c.h; path = MovieFirstViewController.h; sourceTree = "<group>"; };
		4AA1CFDD1BC653E800C86824 /* MovieFirstViewController.m */ = {isa = PBXFileReference; fileEncoding = 4; lastKnownFileType = sourcecode.c.objc; path = MovieFirstViewController.m; sourceTree = "<group>"; };
		4AA1CFDE1BC653E800C86824 /* MovieFirstViewController.xib */ = {isa = PBXFileReference; fileEncoding = 4; lastKnownFileType = file.xib; path = MovieFirstViewController.xib; sourceTree = "<group>"; };
		4AA1CFDF1BC653E800C86824 /* MovieSecondViewController.h */ = {isa = PBXFileReference; fileEncoding = 4; lastKnownFileType = sourcecode.c.h; path = MovieSecondViewController.h; sourceTree = "<group>"; };
		4AA1CFE01BC653E800C86824 /* MovieSecondViewController.m */ = {isa = PBXFileReference; fileEncoding = 4; lastKnownFileType = sourcecode.c.objc; path = MovieSecondViewController.m; sourceTree = "<group>"; };
		4AA1CFE11BC653E800C86824 /* MovieSecondViewController.xib */ = {isa = PBXFileReference; fileEncoding = 4; lastKnownFileType = file.xib; path = MovieSecondViewController.xib; sourceTree = "<group>"; };
		4AA1CFE21BC653E800C86824 /* MovieThirdViewController.h */ = {isa = PBXFileReference; fileEncoding = 4; lastKnownFileType = sourcecode.c.h; path = MovieThirdViewController.h; sourceTree = "<group>"; };
		4AA1CFE31BC653E800C86824 /* MovieThirdViewController.m */ = {isa = PBXFileReference; fileEncoding = 4; lastKnownFileType = sourcecode.c.objc; path = MovieThirdViewController.m; sourceTree = "<group>"; };
		4AA1CFE41BC653E800C86824 /* MovieThirdViewController.xib */ = {isa = PBXFileReference; fileEncoding = 4; lastKnownFileType = file.xib; path = MovieThirdViewController.xib; sourceTree = "<group>"; };
		4AA1CFEE1BC655C100C86824 /* MovieViewController.h */ = {isa = PBXFileReference; fileEncoding = 4; lastKnownFileType = sourcecode.c.h; path = MovieViewController.h; sourceTree = "<group>"; };
		4AA1CFEF1BC655C100C86824 /* MovieViewController.m */ = {isa = PBXFileReference; fileEncoding = 4; lastKnownFileType = sourcecode.c.objc; path = MovieViewController.m; sourceTree = "<group>"; };
		4AA1CFF01BC655C100C86824 /* MovieViewController.xib */ = {isa = PBXFileReference; fileEncoding = 4; lastKnownFileType = file.xib; path = MovieViewController.xib; sourceTree = "<group>"; };
		4AA1CFF31BC6613900C86824 /* TheaterViewController.h */ = {isa = PBXFileReference; fileEncoding = 4; lastKnownFileType = sourcecode.c.h; path = TheaterViewController.h; sourceTree = "<group>"; };
		4AA1CFF41BC6613900C86824 /* TheaterViewController.m */ = {isa = PBXFileReference; fileEncoding = 4; lastKnownFileType = sourcecode.c.objc; path = TheaterViewController.m; sourceTree = "<group>"; };
		4AA1CFF51BC6613900C86824 /* TheaterViewController.xib */ = {isa = PBXFileReference; fileEncoding = 4; lastKnownFileType = file.xib; path = TheaterViewController.xib; sourceTree = "<group>"; };
		4AA1CFF81BC6626B00C86824 /* FoundViewController.h */ = {isa = PBXFileReference; fileEncoding = 4; lastKnownFileType = sourcecode.c.h; path = FoundViewController.h; sourceTree = "<group>"; };
		4AA1CFF91BC6626B00C86824 /* FoundViewController.m */ = {isa = PBXFileReference; fileEncoding = 4; lastKnownFileType = sourcecode.c.objc; path = FoundViewController.m; sourceTree = "<group>"; };
		4AA1CFFA1BC6626B00C86824 /* FoundViewController.xib */ = {isa = PBXFileReference; fileEncoding = 4; lastKnownFileType = file.xib; path = FoundViewController.xib; sourceTree = "<group>"; };
/* End PBXFileReference section */

/* Begin PBXFrameworksBuildPhase section */
		4A72E16F1BC4B84E00C50CFF /* Frameworks */ = {
			isa = PBXFrameworksBuildPhase;
			buildActionMask = 2147483647;
			files = (
			);
			runOnlyForDeploymentPostprocessing = 0;
		};
		4A72E1881BC4B84E00C50CFF /* Frameworks */ = {
			isa = PBXFrameworksBuildPhase;
			buildActionMask = 2147483647;
			files = (
			);
			runOnlyForDeploymentPostprocessing = 0;
		};
/* End PBXFrameworksBuildPhase section */

/* Begin PBXGroup section */
		4A72E1691BC4B84E00C50CFF = {
			isa = PBXGroup;
			children = (
				4A72E1741BC4B84E00C50CFF /* NYCatEyes */,
				4A72E18E1BC4B84E00C50CFF /* NYCatEyesTests */,
				4A72E1731BC4B84E00C50CFF /* Products */,
			);
			sourceTree = "<group>";
		};
		4A72E1731BC4B84E00C50CFF /* Products */ = {
			isa = PBXGroup;
			children = (
				4A72E1721BC4B84E00C50CFF /* NYCatEyes.app */,
				4A72E18B1BC4B84E00C50CFF /* NYCatEyesTests.xctest */,
			);
			name = Products;
			sourceTree = "<group>";
		};
		4A72E1741BC4B84E00C50CFF /* NYCatEyes */ = {
			isa = PBXGroup;
			children = (
				4A72E1791BC4B84E00C50CFF /* AppDelegate.h */,
				4A72E17A1BC4B84E00C50CFF /* AppDelegate.m */,
				4A72E1A61BC4BA7100C50CFF /* Controller */,
				4A72E1B91BC50DB200C50CFF /* Classes */,
				4A72E1751BC4B84E00C50CFF /* Supporting Files */,
			);
			path = NYCatEyes;
			sourceTree = "<group>";
		};
		4A72E1751BC4B84E00C50CFF /* Supporting Files */ = {
			isa = PBXGroup;
			children = (
				4AA1CFD21BC6069B00C86824 /* image */,
				4A72E1821BC4B84E00C50CFF /* Images.xcassets */,
				4A72E1761BC4B84E00C50CFF /* Info.plist */,
				4A72E1771BC4B84E00C50CFF /* main.m */,
			);
			name = "Supporting Files";
			sourceTree = "<group>";
		};
		4A72E18E1BC4B84E00C50CFF /* NYCatEyesTests */ = {
			isa = PBXGroup;
			children = (
				4A72E1911BC4B84E00C50CFF /* NYCatEyesTests.m */,
				4A72E18F1BC4B84E00C50CFF /* Supporting Files */,
			);
			path = NYCatEyesTests;
			sourceTree = "<group>";
		};
		4A72E18F1BC4B84E00C50CFF /* Supporting Files */ = {
			isa = PBXGroup;
			children = (
				4A72E1901BC4B84E00C50CFF /* Info.plist */,
			);
			name = "Supporting Files";
			sourceTree = "<group>";
		};
		4A72E1A61BC4BA7100C50CFF /* Controller */ = {
			isa = PBXGroup;
			children = (
				4A72E1A71BC4BA7100C50CFF /* RootTabBarViewController.h */,
				4A72E1A81BC4BA7100C50CFF /* RootTabBarViewController.m */,
				4A72E1A91BC4BA7100C50CFF /* RootTabBarViewController.xib */,
				4A72E1AC1BC4C05C00C50CFF /* CustomeViewController.h */,
				4A72E1AD1BC4C05C00C50CFF /* CustomeViewController.m */,
				4A72E1AF1BC4C1A500C50CFF /* BaseViewController.h */,
				4A72E1B01BC4C1A500C50CFF /* BaseViewController.m */,
				4A72E1B21BC4C80300C50CFF /* NYSegmentControll */,
			);
			path = Controller;
			sourceTree = "<group>";
		};
		4A72E1B21BC4C80300C50CFF /* NYSegmentControll */ = {
			isa = PBXGroup;
			children = (
				4A72E1B31BC4CAB200C50CFF /* NYSegmentControll.h */,
				4A72E1B41BC4CAB200C50CFF /* NYSegmentControll.m */,
				4A72E1B61BC50A7E00C50CFF /* NYSegmentViewController.h */,
				4A72E1B71BC50A7E00C50CFF /* NYSegmentViewController.m */,
			);
			path = NYSegmentControll;
			sourceTree = "<group>";
		};
		4A72E1B91BC50DB200C50CFF /* Classes */ = {
			isa = PBXGroup;
			children = (
				4AA1CFEC1BC6542200C86824 /* MineTabBar */,
				4AA1CFEB1BC6542200C86824 /* FoundTabBar */,
				4AA1CFED1BC6542200C86824 /* TheaterTabBar */,
				4AA1CFDB1BC653E800C86824 /* MovieTabBar */,
			);
			path = Classes;
			sourceTree = "<group>";
		};
		4AA1CFD21BC6069B00C86824 /* image */ = {
			isa = PBXGroup;
			children = (
				4A7B5CE81BC74D0200EB4AFA /* btn_search@2x.png */,
				4A7B5CE01BC6D08300EB4AFA /* icon_found_selected@2x.png */,
				4A7B5CE11BC6D08300EB4AFA /* icon_mine_selected@2x.png */,
				4A7B5CE21BC6D08300EB4AFA /* icon_movie_selected@2x.png */,
				4A7B5CE31BC6D08300EB4AFA /* icon_theater_selected@2x.png */,
				4A7B5CD81BC6CD9300EB4AFA /* icon_found@2x.png */,
				4A7B5CD91BC6CD9300EB4AFA /* icon_mine@2x.png */,
				4A7B5CDA1BC6CD9300EB4AFA /* icon_movie@2x.png */,
				4A7B5CDB1BC6CD9300EB4AFA /* icon_theater@2x.png */,
			);
			path = image;
			sourceTree = "<group>";
		};
		4AA1CFDB1BC653E800C86824 /* MovieTabBar */ = {
			isa = PBXGroup;
			children = (
				4AA1CFEE1BC655C100C86824 /* MovieViewController.h */,
				4AA1CFEF1BC655C100C86824 /* MovieViewController.m */,
				4AA1CFF01BC655C100C86824 /* MovieViewController.xib */,
				4AA1CFDC1BC653E800C86824 /* MovieFirstViewController.h */,
				4AA1CFDD1BC653E800C86824 /* MovieFirstViewController.m */,
				4AA1CFDE1BC653E800C86824 /* MovieFirstViewController.xib */,
				4AA1CFDF1BC653E800C86824 /* MovieSecondViewController.h */,
				4AA1CFE01BC653E800C86824 /* MovieSecondViewController.m */,
				4AA1CFE11BC653E800C86824 /* MovieSecondViewController.xib */,
				4AA1CFE21BC653E800C86824 /* MovieThirdViewController.h */,
				4AA1CFE31BC653E800C86824 /* MovieThirdViewController.m */,
				4AA1CFE41BC653E800C86824 /* MovieThirdViewController.xib */,
			);
			path = MovieTabBar;
			sourceTree = "<group>";
		};
		4AA1CFEB1BC6542200C86824 /* FoundTabBar */ = {
			isa = PBXGroup;
			children = (
				4AA1CFF81BC6626B00C86824 /* FoundViewController.h */,
				4AA1CFF91BC6626B00C86824 /* FoundViewController.m */,
				4AA1CFFA1BC6626B00C86824 /* FoundViewController.xib */,
			);
			path = FoundTabBar;
			sourceTree = "<group>";
		};
		4AA1CFEC1BC6542200C86824 /* MineTabBar */ = {
			isa = PBXGroup;
			children = (
				4A7B5CD31BC6C26A00EB4AFA /* MineViewController.h */,
				4A7B5CD41BC6C26A00EB4AFA /* MineViewController.m */,
				4A7B5CD51BC6C26A00EB4AFA /* MineViewController.xib */,
			);
			path = MineTabBar;
			sourceTree = "<group>";
		};
		4AA1CFED1BC6542200C86824 /* TheaterTabBar */ = {
			isa = PBXGroup;
			children = (
				4AA1CFF31BC6613900C86824 /* TheaterViewController.h */,
				4AA1CFF41BC6613900C86824 /* TheaterViewController.m */,
				4AA1CFF51BC6613900C86824 /* TheaterViewController.xib */,
			);
			path = TheaterTabBar;
			sourceTree = "<group>";
		};
/* End PBXGroup section */

/* Begin PBXNativeTarget section */
		4A72E1711BC4B84E00C50CFF /* NYCatEyes */ = {
			isa = PBXNativeTarget;
			buildConfigurationList = 4A72E1951BC4B84E00C50CFF /* Build configuration list for PBXNativeTarget "NYCatEyes" */;
			buildPhases = (
				4A72E16E1BC4B84E00C50CFF /* Sources */,
				4A72E16F1BC4B84E00C50CFF /* Frameworks */,
				4A72E1701BC4B84E00C50CFF /* Resources */,
			);
			buildRules = (
			);
			dependencies = (
			);
			name = NYCatEyes;
			productName = NYCatEyes;
			productReference = 4A72E1721BC4B84E00C50CFF /* NYCatEyes.app */;
			productType = "com.apple.product-type.application";
		};
		4A72E18A1BC4B84E00C50CFF /* NYCatEyesTests */ = {
			isa = PBXNativeTarget;
			buildConfigurationList = 4A72E1981BC4B84E00C50CFF /* Build configuration list for PBXNativeTarget "NYCatEyesTests" */;
			buildPhases = (
				4A72E1871BC4B84E00C50CFF /* Sources */,
				4A72E1881BC4B84E00C50CFF /* Frameworks */,
				4A72E1891BC4B84E00C50CFF /* Resources */,
			);
			buildRules = (
			);
			dependencies = (
				4A72E18D1BC4B84E00C50CFF /* PBXTargetDependency */,
			);
			name = NYCatEyesTests;
			productName = NYCatEyesTests;
			productReference = 4A72E18B1BC4B84E00C50CFF /* NYCatEyesTests.xctest */;
			productType = "com.apple.product-type.bundle.unit-test";
		};
/* End PBXNativeTarget section */

/* Begin PBXProject section */
		4A72E16A1BC4B84E00C50CFF /* Project object */ = {
			isa = PBXProject;
			attributes = {
				LastUpgradeCheck = 0640;
				ORGANIZATIONNAME = "牛严";
				TargetAttributes = {
					4A72E1711BC4B84E00C50CFF = {
						CreatedOnToolsVersion = 6.4;
					};
					4A72E18A1BC4B84E00C50CFF = {
						CreatedOnToolsVersion = 6.4;
						TestTargetID = 4A72E1711BC4B84E00C50CFF;
					};
				};
			};
			buildConfigurationList = 4A72E16D1BC4B84E00C50CFF /* Build configuration list for PBXProject "NYCatEyes" */;
			compatibilityVersion = "Xcode 3.2";
			developmentRegion = English;
			hasScannedForEncodings = 0;
			knownRegions = (
				en,
				Base,
			);
			mainGroup = 4A72E1691BC4B84E00C50CFF;
			productRefGroup = 4A72E1731BC4B84E00C50CFF /* Products */;
			projectDirPath = "";
			projectRoot = "";
			targets = (
				4A72E1711BC4B84E00C50CFF /* NYCatEyes */,
				4A72E18A1BC4B84E00C50CFF /* NYCatEyesTests */,
			);
		};
/* End PBXProject section */

/* Begin PBXResourcesBuildPhase section */
		4A72E1701BC4B84E00C50CFF /* Resources */ = {
			isa = PBXResourcesBuildPhase;
			buildActionMask = 2147483647;
			files = (
				4A7B5CDD1BC6CD9300EB4AFA /* icon_mine@2x.png in Resources */,
				4A7B5CDC1BC6CD9300EB4AFA /* icon_found@2x.png in Resources */,
				4A7B5CDF1BC6CD9300EB4AFA /* icon_theater@2x.png in Resources */,
				4AA1CFE61BC653E800C86824 /* MovieFirstViewController.xib in Resources */,
				4AA1CFE81BC653E800C86824 /* MovieSecondViewController.xib in Resources */,
				4A7B5CE91BC74D0200EB4AFA /* btn_search@2x.png in Resources */,
				4A7B5CD71BC6C26A00EB4AFA /* MineViewController.xib in Resources */,
				4A72E1AB1BC4BA7100C50CFF /* RootTabBarViewController.xib in Resources */,
				4A7B5CE61BC6D08300EB4AFA /* icon_movie_selected@2x.png in Resources */,
				4A7B5CDE1BC6CD9300EB4AFA /* icon_movie@2x.png in Resources */,
				4AA1CFFC1BC6626B00C86824 /* FoundViewController.xib in Resources */,
				4AA1CFF71BC6613900C86824 /* TheaterViewController.xib in Resources */,
				4A7B5CE51BC6D08300EB4AFA /* icon_mine_selected@2x.png in Resources */,
				4AA1CFF21BC655C100C86824 /* MovieViewController.xib in Resources */,
				4A7B5CE71BC6D08300EB4AFA /* icon_theater_selected@2x.png in Resources */,
				4A7B5CE41BC6D08300EB4AFA /* icon_found_selected@2x.png in Resources */,
				4A72E1831BC4B84E00C50CFF /* Images.xcassets in Resources */,
				4AA1CFEA1BC653E800C86824 /* MovieThirdViewController.xib in Resources */,
			);
			runOnlyForDeploymentPostprocessing = 0;
		};
		4A72E1891BC4B84E00C50CFF /* Resources */ = {
			isa = PBXResourcesBuildPhase;
			buildActionMask = 2147483647;
			files = (
			);
			runOnlyForDeploymentPostprocessing = 0;
		};
/* End PBXResourcesBuildPhase section */

/* Begin PBXSourcesBuildPhase section */
		4A72E16E1BC4B84E00C50CFF /* Sources */ = {
			isa = PBXSourcesBuildPhase;
			buildActionMask = 2147483647;
			files = (
				4AA1CFF11BC655C100C86824 /* MovieViewController.m in Sources */,
				4A7B5CD61BC6C26A00EB4AFA /* MineViewController.m in Sources */,
				4A72E1AA1BC4BA7100C50CFF /* RootTabBarViewController.m in Sources */,
				4AA1CFF61BC6613900C86824 /* TheaterViewController.m in Sources */,
				4AA1CFE51BC653E800C86824 /* MovieFirstViewController.m in Sources */,
				4A72E1B11BC4C1A500C50CFF /* BaseViewController.m in Sources */,
				4A72E1AE1BC4C05C00C50CFF /* CustomeViewController.m in Sources */,
				4A72E1B51BC4CAB200C50CFF /* NYSegmentControll.m in Sources */,
				4A72E1B81BC50A7E00C50CFF /* NYSegmentViewController.m in Sources */,
				4A72E17B1BC4B84E00C50CFF /* AppDelegate.m in Sources */,
				4AA1CFFB1BC6626B00C86824 /* FoundViewController.m in Sources */,
				4A72E1781BC4B84E00C50CFF /* main.m in Sources */,
				4AA1CFE91BC653E800C86824 /* MovieThirdViewController.m in Sources */,
				4AA1CFE71BC653E800C86824 /* MovieSecondViewController.m in Sources */,
			);
			runOnlyForDeploymentPostprocessing = 0;
		};
		4A72E1871BC4B84E00C50CFF /* Sources */ = {
			isa = PBXSourcesBuildPhase;
			buildActionMask = 2147483647;
			files = (
				4A72E1921BC4B84E00C50CFF /* NYCatEyesTests.m in Sources */,
			);
			runOnlyForDeploymentPostprocessing = 0;
		};
/* End PBXSourcesBuildPhase section */

/* Begin PBXTargetDependency section */
		4A72E18D1BC4B84E00C50CFF /* PBXTargetDependency */ = {
			isa = PBXTargetDependency;
			target = 4A72E1711BC4B84E00C50CFF /* NYCatEyes */;
			targetProxy = 4A72E18C1BC4B84E00C50CFF /* PBXContainerItemProxy */;
		};
/* End PBXTargetDependency section */

/* Begin XCBuildConfiguration section */
		4A72E1931BC4B84E00C50CFF /* Debug */ = {
			isa = XCBuildConfiguration;
			buildSettings = {
				ALWAYS_SEARCH_USER_PATHS = NO;
				CLANG_CXX_LANGUAGE_STANDARD = "gnu++0x";
				CLANG_CXX_LIBRARY = "libc++";
				CLANG_ENABLE_MODULES = YES;
				CLANG_ENABLE_OBJC_ARC = YES;
				CLANG_WARN_BOOL_CONVERSION = YES;
				CLANG_WARN_CONSTANT_CONVERSION = YES;
				CLANG_WARN_DIRECT_OBJC_ISA_USAGE = YES_ERROR;
				CLANG_WARN_EMPTY_BODY = YES;
				CLANG_WARN_ENUM_CONVERSION = YES;
				CLANG_WARN_INT_CONVERSION = YES;
				CLANG_WARN_OBJC_ROOT_CLASS = YES_ERROR;
				CLANG_WARN_UNREACHABLE_CODE = YES;
				CLANG_WARN__DUPLICATE_METHOD_MATCH = YES;
				"CODE_SIGN_IDENTITY[sdk=iphoneos*]" = "iPhone Developer";
				COPY_PHASE_STRIP = NO;
				DEBUG_INFORMATION_FORMAT = "dwarf-with-dsym";
				ENABLE_STRICT_OBJC_MSGSEND = YES;
				GCC_C_LANGUAGE_STANDARD = gnu99;
				GCC_DYNAMIC_NO_PIC = NO;
				GCC_NO_COMMON_BLOCKS = YES;
				GCC_OPTIMIZATION_LEVEL = 0;
				GCC_PREPROCESSOR_DEFINITIONS = (
					"DEBUG=1",
					"$(inherited)",
				);
				GCC_SYMBOLS_PRIVATE_EXTERN = NO;
				GCC_WARN_64_TO_32_BIT_CONVERSION = YES;
				GCC_WARN_ABOUT_RETURN_TYPE = YES_ERROR;
				GCC_WARN_UNDECLARED_SELECTOR = YES;
				GCC_WARN_UNINITIALIZED_AUTOS = YES_AGGRESSIVE;
				GCC_WARN_UNUSED_FUNCTION = YES;
				GCC_WARN_UNUSED_VARIABLE = YES;
				IPHONEOS_DEPLOYMENT_TARGET = 8.4;
				MTL_ENABLE_DEBUG_INFO = YES;
				ONLY_ACTIVE_ARCH = YES;
				SDKROOT = iphoneos;
			};
			name = Debug;
		};
		4A72E1941BC4B84E00C50CFF /* Release */ = {
			isa = XCBuildConfiguration;
			buildSettings = {
				ALWAYS_SEARCH_USER_PATHS = NO;
				CLANG_CXX_LANGUAGE_STANDARD = "gnu++0x";
				CLANG_CXX_LIBRARY = "libc++";
				CLANG_ENABLE_MODULES = YES;
				CLANG_ENABLE_OBJC_ARC = YES;
				CLANG_WARN_BOOL_CONVERSION = YES;
				CLANG_WARN_CONSTANT_CONVERSION = YES;
				CLANG_WARN_DIRECT_OBJC_ISA_USAGE = YES_ERROR;
				CLANG_WARN_EMPTY_BODY = YES;
				CLANG_WARN_ENUM_CONVERSION = YES;
				CLANG_WARN_INT_CONVERSION = YES;
				CLANG_WARN_OBJC_ROOT_CLASS = YES_ERROR;
				CLANG_WARN_UNREACHABLE_CODE = YES;
				CLANG_WARN__DUPLICATE_METHOD_MATCH = YES;
				"CODE_SIGN_IDENTITY[sdk=iphoneos*]" = "iPhone Developer";
				COPY_PHASE_STRIP = NO;
				DEBUG_INFORMATION_FORMAT = "dwarf-with-dsym";
				ENABLE_NS_ASSERTIONS = NO;
				ENABLE_STRICT_OBJC_MSGSEND = YES;
				GCC_C_LANGUAGE_STANDARD = gnu99;
				GCC_NO_COMMON_BLOCKS = YES;
				GCC_WARN_64_TO_32_BIT_CONVERSION = YES;
				GCC_WARN_ABOUT_RETURN_TYPE = YES_ERROR;
				GCC_WARN_UNDECLARED_SELECTOR = YES;
				GCC_WARN_UNINITIALIZED_AUTOS = YES_AGGRESSIVE;
				GCC_WARN_UNUSED_FUNCTION = YES;
				GCC_WARN_UNUSED_VARIABLE = YES;
				IPHONEOS_DEPLOYMENT_TARGET = 8.4;
				MTL_ENABLE_DEBUG_INFO = NO;
				SDKROOT = iphoneos;
				VALIDATE_PRODUCT = YES;
			};
			name = Release;
		};
		4A72E1961BC4B84E00C50CFF /* Debug */ = {
			isa = XCBuildConfiguration;
			buildSettings = {
				ASSETCATALOG_COMPILER_APPICON_NAME = AppIcon;
				ASSETCATALOG_COMPILER_LAUNCHIMAGE_NAME = LaunchImage;
				INFOPLIST_FILE = NYCatEyes/Info.plist;
				IPHONEOS_DEPLOYMENT_TARGET = 8.0;
				LD_RUNPATH_SEARCH_PATHS = "$(inherited) @executable_path/Frameworks";
				PRODUCT_NAME = "$(TARGET_NAME)";
			};
			name = Debug;
		};
		4A72E1971BC4B84E00C50CFF /* Release */ = {
			isa = XCBuildConfiguration;
			buildSettings = {
				ASSETCATALOG_COMPILER_APPICON_NAME = AppIcon;
				ASSETCATALOG_COMPILER_LAUNCHIMAGE_NAME = LaunchImage;
				INFOPLIST_FILE = NYCatEyes/Info.plist;
				IPHONEOS_DEPLOYMENT_TARGET = 8.0;
				LD_RUNPATH_SEARCH_PATHS = "$(inherited) @executable_path/Frameworks";
				PRODUCT_NAME = "$(TARGET_NAME)";
			};
			name = Release;
		};
		4A72E1991BC4B84E00C50CFF /* Debug */ = {
			isa = XCBuildConfiguration;
			buildSettings = {
				BUNDLE_LOADER = "$(TEST_HOST)";
				FRAMEWORK_SEARCH_PATHS = (
					"$(SDKROOT)/Developer/Library/Frameworks",
					"$(inherited)",
				);
				GCC_PREPROCESSOR_DEFINITIONS = (
					"DEBUG=1",
					"$(inherited)",
				);
				INFOPLIST_FILE = NYCatEyesTests/Info.plist;
				LD_RUNPATH_SEARCH_PATHS = "$(inherited) @executable_path/Frameworks @loader_path/Frameworks";
				PRODUCT_NAME = "$(TARGET_NAME)";
				TEST_HOST = "$(BUILT_PRODUCTS_DIR)/NYCatEyes.app/NYCatEyes";
			};
			name = Debug;
		};
		4A72E19A1BC4B84E00C50CFF /* Release */ = {
			isa = XCBuildConfiguration;
			buildSettings = {
				BUNDLE_LOADER = "$(TEST_HOST)";
				FRAMEWORK_SEARCH_PATHS = (
					"$(SDKROOT)/Developer/Library/Frameworks",
					"$(inherited)",
				);
				INFOPLIST_FILE = NYCatEyesTests/Info.plist;
				LD_RUNPATH_SEARCH_PATHS = "$(inherited) @executable_path/Frameworks @loader_path/Frameworks";
				PRODUCT_NAME = "$(TARGET_NAME)";
				TEST_HOST = "$(BUILT_PRODUCTS_DIR)/NYCatEyes.app/NYCatEyes";
			};
			name = Release;
		};
/* End XCBuildConfiguration section */

/* Begin XCConfigurationList section */
		4A72E16D1BC4B84E00C50CFF /* Build configuration list for PBXProject "NYCatEyes" */ = {
			isa = XCConfigurationList;
			buildConfigurations = (
				4A72E1931BC4B84E00C50CFF /* Debug */,
				4A72E1941BC4B84E00C50CFF /* Release */,
			);
			defaultConfigurationIsVisible = 0;
			defaultConfigurationName = Release;
		};
		4A72E1951BC4B84E00C50CFF /* Build configuration list for PBXNativeTarget "NYCatEyes" */ = {
			isa = XCConfigurationList;
			buildConfigurations = (
				4A72E1961BC4B84E00C50CFF /* Debug */,
				4A72E1971BC4B84E00C50CFF /* Release */,
			);
			defaultConfigurationIsVisible = 0;
			defaultConfigurationName = Release;
		};
		4A72E1981BC4B84E00C50CFF /* Build configuration list for PBXNativeTarget "NYCatEyesTests" */ = {
			isa = XCConfigurationList;
			buildConfigurations = (
				4A72E1991BC4B84E00C50CFF /* Debug */,
				4A72E19A1BC4B84E00C50CFF /* Release */,
			);
			defaultConfigurationIsVisible = 0;
			defaultConfigurationName = Release;
		};
/* End XCConfigurationList section */
	};
	rootObject = 4A72E16A1BC4B84E00C50CFF /* Project object */;
}
